// !$*UTF8*$!
{
	archiveVersion = 1;
	classes = {
	};
	objectVersion = 56;
	objects = {

/* Begin PBXBuildFile section */
		3F162B822C9D92B300DF2E1C /* Color.xcassets in Resources */ = {isa = PBXBuildFile; fileRef = 3F162B812C9D92B300DF2E1C /* Color.xcassets */; };
		3F162B842C9D987300DF2E1C /* LaunchScreenViewController.swift in Sources */ = {isa = PBXBuildFile; fileRef = 3F162B832C9D987300DF2E1C /* LaunchScreenViewController.swift */; };
		3F162B872C9DA70700DF2E1C /* Montserrat-ExtraBold.ttf in Resources */ = {isa = PBXBuildFile; fileRef = 3F162B862C9DA70600DF2E1C /* Montserrat-ExtraBold.ttf */; };
		3F162B892C9DA71B00DF2E1C /* FontLiterals.swift in Sources */ = {isa = PBXBuildFile; fileRef = 3F162B882C9DA71B00DF2E1C /* FontLiterals.swift */; };
		3F162B8B2C9DAACC00DF2E1C /* Inter-VariableFont_opsz,wght.ttf in Resources */ = {isa = PBXBuildFile; fileRef = 3F162B8A2C9DAACC00DF2E1C /* Inter-VariableFont_opsz,wght.ttf */; };
		3F162B8D2C9DBA0D00DF2E1C /* LaunchScreen.storyboard in Resources */ = {isa = PBXBuildFile; fileRef = 3F162B8C2C9DBA0D00DF2E1C /* LaunchScreen.storyboard */; };
		3F17396A2CBE43E100DE8859 /* AuthWaitingViewController.swift in Sources */ = {isa = PBXBuildFile; fileRef = 3F1739692CBE43E100DE8859 /* AuthWaitingViewController.swift */; };
		3F17396C2CBE442E00DE8859 /* CustomButtonEnum.swift in Sources */ = {isa = PBXBuildFile; fileRef = 3F17396B2CBE442E00DE8859 /* CustomButtonEnum.swift */; };
		3F17396E2CBE495200DE8859 /* AuthUniversityViewModel.swift in Sources */ = {isa = PBXBuildFile; fileRef = 3F17396D2CBE495200DE8859 /* AuthUniversityViewModel.swift */; };
		3F1739702CBE496100DE8859 /* AuthWaitingViewModel.swift in Sources */ = {isa = PBXBuildFile; fileRef = 3F17396F2CBE496100DE8859 /* AuthWaitingViewModel.swift */; };
		3F1739722CBEB45F00DE8859 /* AuthWaitCheckView.swift in Sources */ = {isa = PBXBuildFile; fileRef = 3F1739712CBEB45F00DE8859 /* AuthWaitCheckView.swift */; };
		3F1739742CBF571F00DE8859 /* AuthWaitStateEnum.swift in Sources */ = {isa = PBXBuildFile; fileRef = 3F1739732CBF571F00DE8859 /* AuthWaitStateEnum.swift */; };
		3F1739762CC0103D00DE8859 /* TabBarItemEnum.swift in Sources */ = {isa = PBXBuildFile; fileRef = 3F1739752CC0103D00DE8859 /* TabBarItemEnum.swift */; };
		3F1739782CC0117300DE8859 /* TabBarCoordinator.swift in Sources */ = {isa = PBXBuildFile; fileRef = 3F1739772CC0117300DE8859 /* TabBarCoordinator.swift */; };
		3F17397C2CC0139000DE8859 /* HomeCoordinator.swift in Sources */ = {isa = PBXBuildFile; fileRef = 3F17397B2CC0139000DE8859 /* HomeCoordinator.swift */; };
		3F17397E2CC017F800DE8859 /* StoreCoordinator.swift in Sources */ = {isa = PBXBuildFile; fileRef = 3F17397D2CC017F800DE8859 /* StoreCoordinator.swift */; };
		3F1739802CC0187B00DE8859 /* MypageCoordinator.swift in Sources */ = {isa = PBXBuildFile; fileRef = 3F17397F2CC0187B00DE8859 /* MypageCoordinator.swift */; };
		3F1739852CC01CAB00DE8859 /* HomeViewController.swift in Sources */ = {isa = PBXBuildFile; fileRef = 3F1739842CC01CAB00DE8859 /* HomeViewController.swift */; };
		3F1739872CC01CC300DE8859 /* StoreViewController.swift in Sources */ = {isa = PBXBuildFile; fileRef = 3F1739862CC01CC300DE8859 /* StoreViewController.swift */; };
		3F1739892CC01CDC00DE8859 /* MypageViewController.swift in Sources */ = {isa = PBXBuildFile; fileRef = 3F1739882CC01CDC00DE8859 /* MypageViewController.swift */; };
		3F17398C2CC0861D00DE8859 /* CustomTabBarViewController.swift in Sources */ = {isa = PBXBuildFile; fileRef = 3F17398B2CC0861C00DE8859 /* CustomTabBarViewController.swift */; };
		3F1F1F782CA27720006DFD76 /* StepCountView.swift in Sources */ = {isa = PBXBuildFile; fileRef = 3F1F1F772CA27720006DFD76 /* StepCountView.swift */; };
		3F1F1F7C2CA3B859006DFD76 /* CusomSignUpNavigationController.swift in Sources */ = {isa = PBXBuildFile; fileRef = 3F1F1F7B2CA3B858006DFD76 /* CusomSignUpNavigationController.swift */; };
		3F1F1F7E2CA3D902006DFD76 /* SizeLiterals.swift in Sources */ = {isa = PBXBuildFile; fileRef = 3F1F1F7D2CA3D902006DFD76 /* SizeLiterals.swift */; };
		3F1F1F802CA3F4CF006DFD76 /* MajorInfoViewModel.swift in Sources */ = {isa = PBXBuildFile; fileRef = 3F1F1F7F2CA3F4CF006DFD76 /* MajorInfoViewModel.swift */; };
		3F25A3592C96A676006E2715 /* UIView+.swift in Sources */ = {isa = PBXBuildFile; fileRef = 3F25A3582C96A676006E2715 /* UIView+.swift */; };
		3F25A35C2C96A76E006E2715 /* StringLiterals.swift in Sources */ = {isa = PBXBuildFile; fileRef = 3F25A35B2C96A76E006E2715 /* StringLiterals.swift */; };
		3F25A35F2C96A85E006E2715 /* TitleTextFieldView.swift in Sources */ = {isa = PBXBuildFile; fileRef = 3F25A35E2C96A85E006E2715 /* TitleTextFieldView.swift */; };
		3F25A3622C96CF4C006E2715 /* Coordinator.swift in Sources */ = {isa = PBXBuildFile; fileRef = 3F25A3612C96CF4C006E2715 /* Coordinator.swift */; };
		3F25A3642C96D001006E2715 /* AppCoordinator.swift in Sources */ = {isa = PBXBuildFile; fileRef = 3F25A3632C96D001006E2715 /* AppCoordinator.swift */; };
		3F25A3662C96D058006E2715 /* LoginCoordinator.swift in Sources */ = {isa = PBXBuildFile; fileRef = 3F25A3652C96D058006E2715 /* LoginCoordinator.swift */; };
		3F25A36A2C96D11A006E2715 /* LoginViewModel.swift in Sources */ = {isa = PBXBuildFile; fileRef = 3F25A3692C96D11A006E2715 /* LoginViewModel.swift */; };
		3F25A36D2C96D34D006E2715 /* BaseViewModel.swift in Sources */ = {isa = PBXBuildFile; fileRef = 3F25A36C2C96D34D006E2715 /* BaseViewModel.swift */; };
		3F25A36F2C96D42C006E2715 /* SignUpCoordinator.swift in Sources */ = {isa = PBXBuildFile; fileRef = 3F25A36E2C96D42C006E2715 /* SignUpCoordinator.swift */; };
		3F25A3712C96D4D9006E2715 /* UserInfoSignUpViewController.swift in Sources */ = {isa = PBXBuildFile; fileRef = 3F25A3702C96D4D9006E2715 /* UserInfoSignUpViewController.swift */; };
		3F3992592C82C8E40045CF1E /* AppDelegate.swift in Sources */ = {isa = PBXBuildFile; fileRef = 3F3992582C82C8E40045CF1E /* AppDelegate.swift */; };
		3F39925B2C82C8E40045CF1E /* SceneDelegate.swift in Sources */ = {isa = PBXBuildFile; fileRef = 3F39925A2C82C8E40045CF1E /* SceneDelegate.swift */; };
		3F39925D2C82C8E40045CF1E /* LoginViewController.swift in Sources */ = {isa = PBXBuildFile; fileRef = 3F39925C2C82C8E40045CF1E /* LoginViewController.swift */; };
		3F3992622C82C8E60045CF1E /* Assets.xcassets in Resources */ = {isa = PBXBuildFile; fileRef = 3F3992612C82C8E60045CF1E /* Assets.xcassets */; };
		3F39926E2C82C9080045CF1E /* Then in Frameworks */ = {isa = PBXBuildFile; productRef = 3F39926D2C82C9080045CF1E /* Then */; };
		3F3992762C82C9690045CF1E /* Moya in Frameworks */ = {isa = PBXBuildFile; productRef = 3F3992752C82C9690045CF1E /* Moya */; };
		3F3992792C82C9FA0045CF1E /* FirebaseMessaging in Frameworks */ = {isa = PBXBuildFile; productRef = 3F3992782C82C9FA0045CF1E /* FirebaseMessaging */; };
		3F3CFDAC2C97321700DC9F9A /* UniversityInfoViewController.swift in Sources */ = {isa = PBXBuildFile; fileRef = 3F3CFDAB2C97321700DC9F9A /* UniversityInfoViewController.swift */; };
		3F3CFDAE2C97326000DC9F9A /* MajorInfoViewController.swift in Sources */ = {isa = PBXBuildFile; fileRef = 3F3CFDAD2C97326000DC9F9A /* MajorInfoViewController.swift */; };
		3F3CFDB02C9733A100DC9F9A /* TermsOfServiceViewController.swift in Sources */ = {isa = PBXBuildFile; fileRef = 3F3CFDAF2C9733A100DC9F9A /* TermsOfServiceViewController.swift */; };
		3F3CFDB22C973D7E00DC9F9A /* AuthUniversityViewController.swift in Sources */ = {isa = PBXBuildFile; fileRef = 3F3CFDB12C973D7E00DC9F9A /* AuthUniversityViewController.swift */; };
		3F3CFDB42C9742C900DC9F9A /* SuccessSignUpViewController.swift in Sources */ = {isa = PBXBuildFile; fileRef = 3F3CFDB32C9742C900DC9F9A /* SuccessSignUpViewController.swift */; };
		3F3CFDB92C97BCF800DC9F9A /* Combine+.swift in Sources */ = {isa = PBXBuildFile; fileRef = 3F3CFDB82C97BCF800DC9F9A /* Combine+.swift */; };
		3F3CFDBB2C97BE5D00DC9F9A /* UIControl+.swift in Sources */ = {isa = PBXBuildFile; fileRef = 3F3CFDBA2C97BE5D00DC9F9A /* UIControl+.swift */; };
		3F3CFDBE2C97C47100DC9F9A /* UserInfo.swift in Sources */ = {isa = PBXBuildFile; fileRef = 3F3CFDBD2C97C47100DC9F9A /* UserInfo.swift */; };
		3F3CFDC02C98093700DC9F9A /* UniversityInfoViewModel.swift in Sources */ = {isa = PBXBuildFile; fileRef = 3F3CFDBF2C98093700DC9F9A /* UniversityInfoViewModel.swift */; };
		3F3CFDC22C980B0E00DC9F9A /* UserInfoSignUpViewModel.swift in Sources */ = {isa = PBXBuildFile; fileRef = 3F3CFDC12C980B0E00DC9F9A /* UserInfoSignUpViewModel.swift */; };
		3F3CFDC42C9815EB00DC9F9A /* UIViewController+.swift in Sources */ = {isa = PBXBuildFile; fileRef = 3F3CFDC32C9815EB00DC9F9A /* UIViewController+.swift */; };
		3F3CFDCC2C9827D200DC9F9A /* UserInfoSignUpViewModelTests.swift in Sources */ = {isa = PBXBuildFile; fileRef = 3F3CFDCB2C9827D200DC9F9A /* UserInfoSignUpViewModelTests.swift */; };
		3F59602A2CA0EE5F00688FE3 /* CustomButton.swift in Sources */ = {isa = PBXBuildFile; fileRef = 3F5960292CA0EE5F00688FE3 /* CustomButton.swift */; };
		3F59602D2CA13E8F00688FE3 /* TextFieldEnum.swift in Sources */ = {isa = PBXBuildFile; fileRef = 3F59602C2CA13E8F00688FE3 /* TextFieldEnum.swift */; };
		3F59602F2CA1422100688FE3 /* UIStackView+.swift in Sources */ = {isa = PBXBuildFile; fileRef = 3F59602E2CA1422100688FE3 /* UIStackView+.swift */; };
		3F6AB78C2CBE3C77006D1A29 /* DashedLineBorderView.swift in Sources */ = {isa = PBXBuildFile; fileRef = 3F6AB78B2CBE3C77006D1A29 /* DashedLineBorderView.swift */; };
		3F82C32F2CAE936600492EEE /* NoExistsSearchResultView.swift in Sources */ = {isa = PBXBuildFile; fileRef = 3F82C32E2CAE936600492EEE /* NoExistsSearchResultView.swift */; };
		3F82C3312CAE93B700492EEE /* StudentIdViewController.swift in Sources */ = {isa = PBXBuildFile; fileRef = 3F82C3302CAE93B700492EEE /* StudentIdViewController.swift */; };
		3F82C3332CAE93E500492EEE /* StudentIdViewModel.swift in Sources */ = {isa = PBXBuildFile; fileRef = 3F82C3322CAE93E500492EEE /* StudentIdViewModel.swift */; };
		3F82C3352CAE946400492EEE /* SearchResultCollectionView.swift in Sources */ = {isa = PBXBuildFile; fileRef = 3F82C3342CAE946400492EEE /* SearchResultCollectionView.swift */; };
		3F82C3372CAE948300492EEE /* SearchResultCollectionViewCell.swift in Sources */ = {isa = PBXBuildFile; fileRef = 3F82C3362CAE948300492EEE /* SearchResultCollectionViewCell.swift */; };
		3F82C3392CAE94A600492EEE /* NSObject+.swift in Sources */ = {isa = PBXBuildFile; fileRef = 3F82C3382CAE94A600492EEE /* NSObject+.swift */; };
		3F82C33B2CAE94CB00492EEE /* UniversityInfoModel.swift in Sources */ = {isa = PBXBuildFile; fileRef = 3F82C33A2CAE94CB00492EEE /* UniversityInfoModel.swift */; };
		3F82C33D2CAE94E000492EEE /* MajorInfoModel.swift in Sources */ = {isa = PBXBuildFile; fileRef = 3F82C33C2CAE94E000492EEE /* MajorInfoModel.swift */; };
		3F9DC8A82CB4ECA900850136 /* StudentIdInputCollectionCell.swift in Sources */ = {isa = PBXBuildFile; fileRef = 3F9DC8A72CB4ECA900850136 /* StudentIdInputCollectionCell.swift */; };
		3F9DC8AC2CB4ECE000850136 /* StudentIdInfoModel.swift in Sources */ = {isa = PBXBuildFile; fileRef = 3F9DC8AB2CB4ECE000850136 /* StudentIdInfoModel.swift */; };
		3FDEE9E32C970A7A00633C93 /* SnapKit in Frameworks */ = {isa = PBXBuildFile; productRef = 3FDEE9E22C970A7A00633C93 /* SnapKit */; settings = {ATTRIBUTES = (Required, ); }; };
		3FEA67552CB7F82D00675805 /* AgreeTypeView.swift in Sources */ = {isa = PBXBuildFile; fileRef = 3FEA67542CB7F82D00675805 /* AgreeTypeView.swift */; };
		3FEA67572CB81A9A00675805 /* CheckBoxButton.swift in Sources */ = {isa = PBXBuildFile; fileRef = 3FEA67562CB81A9A00675805 /* CheckBoxButton.swift */; };
		3FEA67592CB81F2E00675805 /* TermsOfServiceViewModel.swift in Sources */ = {isa = PBXBuildFile; fileRef = 3FEA67582CB81F2E00675805 /* TermsOfServiceViewModel.swift */; };
		3FEA675B2CB8BEF500675805 /* UILabel+.swift in Sources */ = {isa = PBXBuildFile; fileRef = 3FEA675A2CB8BEF500675805 /* UILabel+.swift */; };
/* End PBXBuildFile section */

/* Begin PBXContainerItemProxy section */
		3F3CFDCD2C9827D200DC9F9A /* PBXContainerItemProxy */ = {
			isa = PBXContainerItemProxy;
			containerPortal = 3F39924D2C82C8E40045CF1E /* Project object */;
			proxyType = 1;
			remoteGlobalIDString = 3F3992542C82C8E40045CF1E;
			remoteInfo = Studing;
		};
/* End PBXContainerItemProxy section */

/* Begin PBXFileReference section */
		3F162B812C9D92B300DF2E1C /* Color.xcassets */ = {isa = PBXFileReference; lastKnownFileType = folder.assetcatalog; path = Color.xcassets; sourceTree = "<group>"; };
		3F162B832C9D987300DF2E1C /* LaunchScreenViewController.swift */ = {isa = PBXFileReference; lastKnownFileType = sourcecode.swift; path = LaunchScreenViewController.swift; sourceTree = "<group>"; };
		3F162B862C9DA70600DF2E1C /* Montserrat-ExtraBold.ttf */ = {isa = PBXFileReference; lastKnownFileType = file; path = "Montserrat-ExtraBold.ttf"; sourceTree = "<group>"; };
		3F162B882C9DA71B00DF2E1C /* FontLiterals.swift */ = {isa = PBXFileReference; lastKnownFileType = sourcecode.swift; path = FontLiterals.swift; sourceTree = "<group>"; };
		3F162B8A2C9DAACC00DF2E1C /* Inter-VariableFont_opsz,wght.ttf */ = {isa = PBXFileReference; lastKnownFileType = file; path = "Inter-VariableFont_opsz,wght.ttf"; sourceTree = "<group>"; };
		3F162B8C2C9DBA0D00DF2E1C /* LaunchScreen.storyboard */ = {isa = PBXFileReference; lastKnownFileType = file.storyboard; path = LaunchScreen.storyboard; sourceTree = "<group>"; };
		3F1739692CBE43E100DE8859 /* AuthWaitingViewController.swift */ = {isa = PBXFileReference; lastKnownFileType = sourcecode.swift; path = AuthWaitingViewController.swift; sourceTree = "<group>"; };
		3F17396B2CBE442E00DE8859 /* CustomButtonEnum.swift */ = {isa = PBXFileReference; lastKnownFileType = sourcecode.swift; path = CustomButtonEnum.swift; sourceTree = "<group>"; };
		3F17396D2CBE495200DE8859 /* AuthUniversityViewModel.swift */ = {isa = PBXFileReference; lastKnownFileType = sourcecode.swift; path = AuthUniversityViewModel.swift; sourceTree = "<group>"; };
		3F17396F2CBE496100DE8859 /* AuthWaitingViewModel.swift */ = {isa = PBXFileReference; lastKnownFileType = sourcecode.swift; path = AuthWaitingViewModel.swift; sourceTree = "<group>"; };
		3F1739712CBEB45F00DE8859 /* AuthWaitCheckView.swift */ = {isa = PBXFileReference; lastKnownFileType = sourcecode.swift; path = AuthWaitCheckView.swift; sourceTree = "<group>"; };
		3F1739732CBF571F00DE8859 /* AuthWaitStateEnum.swift */ = {isa = PBXFileReference; lastKnownFileType = sourcecode.swift; path = AuthWaitStateEnum.swift; sourceTree = "<group>"; };
		3F1739752CC0103D00DE8859 /* TabBarItemEnum.swift */ = {isa = PBXFileReference; lastKnownFileType = sourcecode.swift; path = TabBarItemEnum.swift; sourceTree = "<group>"; };
		3F1739772CC0117300DE8859 /* TabBarCoordinator.swift */ = {isa = PBXFileReference; lastKnownFileType = sourcecode.swift; path = TabBarCoordinator.swift; sourceTree = "<group>"; };
		3F17397B2CC0139000DE8859 /* HomeCoordinator.swift */ = {isa = PBXFileReference; lastKnownFileType = sourcecode.swift; path = HomeCoordinator.swift; sourceTree = "<group>"; };
		3F17397D2CC017F800DE8859 /* StoreCoordinator.swift */ = {isa = PBXFileReference; lastKnownFileType = sourcecode.swift; path = StoreCoordinator.swift; sourceTree = "<group>"; };
		3F17397F2CC0187B00DE8859 /* MypageCoordinator.swift */ = {isa = PBXFileReference; lastKnownFileType = sourcecode.swift; path = MypageCoordinator.swift; sourceTree = "<group>"; };
		3F1739842CC01CAB00DE8859 /* HomeViewController.swift */ = {isa = PBXFileReference; lastKnownFileType = sourcecode.swift; path = HomeViewController.swift; sourceTree = "<group>"; };
		3F1739862CC01CC300DE8859 /* StoreViewController.swift */ = {isa = PBXFileReference; lastKnownFileType = sourcecode.swift; path = StoreViewController.swift; sourceTree = "<group>"; };
		3F1739882CC01CDC00DE8859 /* MypageViewController.swift */ = {isa = PBXFileReference; lastKnownFileType = sourcecode.swift; path = MypageViewController.swift; sourceTree = "<group>"; };
		3F17398B2CC0861C00DE8859 /* CustomTabBarViewController.swift */ = {isa = PBXFileReference; lastKnownFileType = sourcecode.swift; path = CustomTabBarViewController.swift; sourceTree = "<group>"; };
		3F1F1F772CA27720006DFD76 /* StepCountView.swift */ = {isa = PBXFileReference; lastKnownFileType = sourcecode.swift; path = StepCountView.swift; sourceTree = "<group>"; };
		3F1F1F7B2CA3B858006DFD76 /* CusomSignUpNavigationController.swift */ = {isa = PBXFileReference; lastKnownFileType = sourcecode.swift; path = CusomSignUpNavigationController.swift; sourceTree = "<group>"; };
		3F1F1F7D2CA3D902006DFD76 /* SizeLiterals.swift */ = {isa = PBXFileReference; lastKnownFileType = sourcecode.swift; path = SizeLiterals.swift; sourceTree = "<group>"; };
		3F1F1F7F2CA3F4CF006DFD76 /* MajorInfoViewModel.swift */ = {isa = PBXFileReference; lastKnownFileType = sourcecode.swift; path = MajorInfoViewModel.swift; sourceTree = "<group>"; };
		3F25A3582C96A676006E2715 /* UIView+.swift */ = {isa = PBXFileReference; lastKnownFileType = sourcecode.swift; path = "UIView+.swift"; sourceTree = "<group>"; };
		3F25A35B2C96A76E006E2715 /* StringLiterals.swift */ = {isa = PBXFileReference; lastKnownFileType = sourcecode.swift; path = StringLiterals.swift; sourceTree = "<group>"; };
		3F25A35E2C96A85E006E2715 /* TitleTextFieldView.swift */ = {isa = PBXFileReference; lastKnownFileType = sourcecode.swift; path = TitleTextFieldView.swift; sourceTree = "<group>"; };
		3F25A3612C96CF4C006E2715 /* Coordinator.swift */ = {isa = PBXFileReference; lastKnownFileType = sourcecode.swift; path = Coordinator.swift; sourceTree = "<group>"; };
		3F25A3632C96D001006E2715 /* AppCoordinator.swift */ = {isa = PBXFileReference; lastKnownFileType = sourcecode.swift; path = AppCoordinator.swift; sourceTree = "<group>"; };
		3F25A3652C96D058006E2715 /* LoginCoordinator.swift */ = {isa = PBXFileReference; lastKnownFileType = sourcecode.swift; path = LoginCoordinator.swift; sourceTree = "<group>"; };
		3F25A3692C96D11A006E2715 /* LoginViewModel.swift */ = {isa = PBXFileReference; lastKnownFileType = sourcecode.swift; path = LoginViewModel.swift; sourceTree = "<group>"; };
		3F25A36C2C96D34D006E2715 /* BaseViewModel.swift */ = {isa = PBXFileReference; lastKnownFileType = sourcecode.swift; path = BaseViewModel.swift; sourceTree = "<group>"; };
		3F25A36E2C96D42C006E2715 /* SignUpCoordinator.swift */ = {isa = PBXFileReference; lastKnownFileType = sourcecode.swift; path = SignUpCoordinator.swift; sourceTree = "<group>"; };
		3F25A3702C96D4D9006E2715 /* UserInfoSignUpViewController.swift */ = {isa = PBXFileReference; lastKnownFileType = sourcecode.swift; path = UserInfoSignUpViewController.swift; sourceTree = "<group>"; };
		3F3992552C82C8E40045CF1E /* Studing.app */ = {isa = PBXFileReference; explicitFileType = wrapper.application; includeInIndex = 0; path = Studing.app; sourceTree = BUILT_PRODUCTS_DIR; };
		3F3992582C82C8E40045CF1E /* AppDelegate.swift */ = {isa = PBXFileReference; lastKnownFileType = sourcecode.swift; path = AppDelegate.swift; sourceTree = "<group>"; };
		3F39925A2C82C8E40045CF1E /* SceneDelegate.swift */ = {isa = PBXFileReference; lastKnownFileType = sourcecode.swift; path = SceneDelegate.swift; sourceTree = "<group>"; };
		3F39925C2C82C8E40045CF1E /* LoginViewController.swift */ = {isa = PBXFileReference; lastKnownFileType = sourcecode.swift; path = LoginViewController.swift; sourceTree = "<group>"; };
		3F3992612C82C8E60045CF1E /* Assets.xcassets */ = {isa = PBXFileReference; lastKnownFileType = folder.assetcatalog; path = Assets.xcassets; sourceTree = "<group>"; };
		3F3992662C82C8E60045CF1E /* Info.plist */ = {isa = PBXFileReference; lastKnownFileType = text.plist.xml; path = Info.plist; sourceTree = "<group>"; };
		3F3CFDAB2C97321700DC9F9A /* UniversityInfoViewController.swift */ = {isa = PBXFileReference; lastKnownFileType = sourcecode.swift; path = UniversityInfoViewController.swift; sourceTree = "<group>"; };
		3F3CFDAD2C97326000DC9F9A /* MajorInfoViewController.swift */ = {isa = PBXFileReference; lastKnownFileType = sourcecode.swift; path = MajorInfoViewController.swift; sourceTree = "<group>"; };
		3F3CFDAF2C9733A100DC9F9A /* TermsOfServiceViewController.swift */ = {isa = PBXFileReference; lastKnownFileType = sourcecode.swift; path = TermsOfServiceViewController.swift; sourceTree = "<group>"; };
		3F3CFDB12C973D7E00DC9F9A /* AuthUniversityViewController.swift */ = {isa = PBXFileReference; lastKnownFileType = sourcecode.swift; path = AuthUniversityViewController.swift; sourceTree = "<group>"; };
		3F3CFDB32C9742C900DC9F9A /* SuccessSignUpViewController.swift */ = {isa = PBXFileReference; lastKnownFileType = sourcecode.swift; path = SuccessSignUpViewController.swift; sourceTree = "<group>"; };
		3F3CFDB82C97BCF800DC9F9A /* Combine+.swift */ = {isa = PBXFileReference; lastKnownFileType = sourcecode.swift; path = "Combine+.swift"; sourceTree = "<group>"; };
		3F3CFDBA2C97BE5D00DC9F9A /* UIControl+.swift */ = {isa = PBXFileReference; lastKnownFileType = sourcecode.swift; path = "UIControl+.swift"; sourceTree = "<group>"; };
		3F3CFDBD2C97C47100DC9F9A /* UserInfo.swift */ = {isa = PBXFileReference; lastKnownFileType = sourcecode.swift; path = UserInfo.swift; sourceTree = "<group>"; };
		3F3CFDBF2C98093700DC9F9A /* UniversityInfoViewModel.swift */ = {isa = PBXFileReference; lastKnownFileType = sourcecode.swift; path = UniversityInfoViewModel.swift; sourceTree = "<group>"; };
		3F3CFDC12C980B0E00DC9F9A /* UserInfoSignUpViewModel.swift */ = {isa = PBXFileReference; lastKnownFileType = sourcecode.swift; path = UserInfoSignUpViewModel.swift; sourceTree = "<group>"; };
		3F3CFDC32C9815EB00DC9F9A /* UIViewController+.swift */ = {isa = PBXFileReference; lastKnownFileType = sourcecode.swift; path = "UIViewController+.swift"; sourceTree = "<group>"; };
		3F3CFDC92C9827D200DC9F9A /* StudingTests.xctest */ = {isa = PBXFileReference; explicitFileType = wrapper.cfbundle; includeInIndex = 0; path = StudingTests.xctest; sourceTree = BUILT_PRODUCTS_DIR; };
		3F3CFDCB2C9827D200DC9F9A /* UserInfoSignUpViewModelTests.swift */ = {isa = PBXFileReference; lastKnownFileType = sourcecode.swift; path = UserInfoSignUpViewModelTests.swift; sourceTree = "<group>"; };
		3F5960292CA0EE5F00688FE3 /* CustomButton.swift */ = {isa = PBXFileReference; lastKnownFileType = sourcecode.swift; path = CustomButton.swift; sourceTree = "<group>"; };
		3F59602C2CA13E8F00688FE3 /* TextFieldEnum.swift */ = {isa = PBXFileReference; lastKnownFileType = sourcecode.swift; path = TextFieldEnum.swift; sourceTree = "<group>"; };
		3F59602E2CA1422100688FE3 /* UIStackView+.swift */ = {isa = PBXFileReference; lastKnownFileType = sourcecode.swift; path = "UIStackView+.swift"; sourceTree = "<group>"; };
		3F6AB78B2CBE3C77006D1A29 /* DashedLineBorderView.swift */ = {isa = PBXFileReference; lastKnownFileType = sourcecode.swift; path = DashedLineBorderView.swift; sourceTree = "<group>"; };
		3F82C32E2CAE936600492EEE /* NoExistsSearchResultView.swift */ = {isa = PBXFileReference; lastKnownFileType = sourcecode.swift; path = NoExistsSearchResultView.swift; sourceTree = "<group>"; };
		3F82C3302CAE93B700492EEE /* StudentIdViewController.swift */ = {isa = PBXFileReference; lastKnownFileType = sourcecode.swift; path = StudentIdViewController.swift; sourceTree = "<group>"; };
		3F82C3322CAE93E500492EEE /* StudentIdViewModel.swift */ = {isa = PBXFileReference; lastKnownFileType = sourcecode.swift; path = StudentIdViewModel.swift; sourceTree = "<group>"; };
		3F82C3342CAE946400492EEE /* SearchResultCollectionView.swift */ = {isa = PBXFileReference; lastKnownFileType = sourcecode.swift; path = SearchResultCollectionView.swift; sourceTree = "<group>"; };
		3F82C3362CAE948300492EEE /* SearchResultCollectionViewCell.swift */ = {isa = PBXFileReference; lastKnownFileType = sourcecode.swift; path = SearchResultCollectionViewCell.swift; sourceTree = "<group>"; };
		3F82C3382CAE94A600492EEE /* NSObject+.swift */ = {isa = PBXFileReference; lastKnownFileType = sourcecode.swift; path = "NSObject+.swift"; sourceTree = "<group>"; };
		3F82C33A2CAE94CB00492EEE /* UniversityInfoModel.swift */ = {isa = PBXFileReference; lastKnownFileType = sourcecode.swift; path = UniversityInfoModel.swift; sourceTree = "<group>"; };
		3F82C33C2CAE94E000492EEE /* MajorInfoModel.swift */ = {isa = PBXFileReference; lastKnownFileType = sourcecode.swift; path = MajorInfoModel.swift; sourceTree = "<group>"; };
		3F9DC8A72CB4ECA900850136 /* StudentIdInputCollectionCell.swift */ = {isa = PBXFileReference; lastKnownFileType = sourcecode.swift; path = StudentIdInputCollectionCell.swift; sourceTree = "<group>"; };
		3F9DC8AB2CB4ECE000850136 /* StudentIdInfoModel.swift */ = {isa = PBXFileReference; lastKnownFileType = sourcecode.swift; path = StudentIdInfoModel.swift; sourceTree = "<group>"; };
		3FEA67542CB7F82D00675805 /* AgreeTypeView.swift */ = {isa = PBXFileReference; lastKnownFileType = sourcecode.swift; path = AgreeTypeView.swift; sourceTree = "<group>"; };
		3FEA67562CB81A9A00675805 /* CheckBoxButton.swift */ = {isa = PBXFileReference; lastKnownFileType = sourcecode.swift; path = CheckBoxButton.swift; sourceTree = "<group>"; };
		3FEA67582CB81F2E00675805 /* TermsOfServiceViewModel.swift */ = {isa = PBXFileReference; lastKnownFileType = sourcecode.swift; path = TermsOfServiceViewModel.swift; sourceTree = "<group>"; };
		3FEA675A2CB8BEF500675805 /* UILabel+.swift */ = {isa = PBXFileReference; lastKnownFileType = sourcecode.swift; path = "UILabel+.swift"; sourceTree = "<group>"; };
/* End PBXFileReference section */

/* Begin PBXFrameworksBuildPhase section */
		3F3992522C82C8E40045CF1E /* Frameworks */ = {
			isa = PBXFrameworksBuildPhase;
			buildActionMask = 2147483647;
			files = (
				3F39926E2C82C9080045CF1E /* Then in Frameworks */,
				3FDEE9E32C970A7A00633C93 /* SnapKit in Frameworks */,
				3F3992792C82C9FA0045CF1E /* FirebaseMessaging in Frameworks */,
				3F3992762C82C9690045CF1E /* Moya in Frameworks */,
			);
			runOnlyForDeploymentPostprocessing = 0;
		};
		3F3CFDC62C9827D200DC9F9A /* Frameworks */ = {
			isa = PBXFrameworksBuildPhase;
			buildActionMask = 2147483647;
			files = (
			);
			runOnlyForDeploymentPostprocessing = 0;
		};
/* End PBXFrameworksBuildPhase section */

/* Begin PBXGroup section */
		3F162B852C9DA69F00DF2E1C /* Fonts */ = {
			isa = PBXGroup;
			children = (
				3F162B862C9DA70600DF2E1C /* Montserrat-ExtraBold.ttf */,
				3F162B8A2C9DAACC00DF2E1C /* Inter-VariableFont_opsz,wght.ttf */,
			);
			path = Fonts;
			sourceTree = "<group>";
		};
		3F1739812CC01C7900DE8859 /* Home */ = {
			isa = PBXGroup;
			children = (
				3F1739842CC01CAB00DE8859 /* HomeViewController.swift */,
			);
			path = Home;
			sourceTree = "<group>";
		};
		3F1739822CC01C8C00DE8859 /* Store */ = {
			isa = PBXGroup;
			children = (
				3F1739862CC01CC300DE8859 /* StoreViewController.swift */,
			);
			path = Store;
			sourceTree = "<group>";
		};
		3F1739832CC01C9200DE8859 /* Mypage */ = {
			isa = PBXGroup;
			children = (
				3F1739882CC01CDC00DE8859 /* MypageViewController.swift */,
			);
			path = Mypage;
			sourceTree = "<group>";
		};
		3F17398A2CC01DE300DE8859 /* TabBar */ = {
			isa = PBXGroup;
			children = (
				3F17398B2CC0861C00DE8859 /* CustomTabBarViewController.swift */,
				3F1739812CC01C7900DE8859 /* Home */,
				3F1739822CC01C8C00DE8859 /* Store */,
				3F1739832CC01C9200DE8859 /* Mypage */,
			);
			path = TabBar;
			sourceTree = "<group>";
		};
		3F25A3572C96A669006E2715 /* Extension */ = {
			isa = PBXGroup;
			children = (
				3F25A3582C96A676006E2715 /* UIView+.swift */,
				3F3CFDB82C97BCF800DC9F9A /* Combine+.swift */,
				3F3CFDBA2C97BE5D00DC9F9A /* UIControl+.swift */,
				3F3CFDC32C9815EB00DC9F9A /* UIViewController+.swift */,
				3F59602E2CA1422100688FE3 /* UIStackView+.swift */,
				3F82C3382CAE94A600492EEE /* NSObject+.swift */,
				3FEA675A2CB8BEF500675805 /* UILabel+.swift */,
			);
			path = Extension;
			sourceTree = "<group>";
		};
		3F25A35A2C96A764006E2715 /* Consts */ = {
			isa = PBXGroup;
			children = (
				3F25A35B2C96A76E006E2715 /* StringLiterals.swift */,
				3F162B882C9DA71B00DF2E1C /* FontLiterals.swift */,
				3F1F1F7D2CA3D902006DFD76 /* SizeLiterals.swift */,
			);
			path = Consts;
			sourceTree = "<group>";
		};
		3F25A35D2C96A825006E2715 /* Components */ = {
			isa = PBXGroup;
			children = (
				3F25A35E2C96A85E006E2715 /* TitleTextFieldView.swift */,
				3F162B832C9D987300DF2E1C /* LaunchScreenViewController.swift */,
				3F5960292CA0EE5F00688FE3 /* CustomButton.swift */,
				3F1F1F772CA27720006DFD76 /* StepCountView.swift */,
				3F1F1F7B2CA3B858006DFD76 /* CusomSignUpNavigationController.swift */,
				3F82C32E2CAE936600492EEE /* NoExistsSearchResultView.swift */,
				3F82C3342CAE946400492EEE /* SearchResultCollectionView.swift */,
				3F82C3362CAE948300492EEE /* SearchResultCollectionViewCell.swift */,
				3F6AB78B2CBE3C77006D1A29 /* DashedLineBorderView.swift */,
				3F1739712CBEB45F00DE8859 /* AuthWaitCheckView.swift */,
			);
			path = Components;
			sourceTree = "<group>";
		};
		3F25A3602C96CF14006E2715 /* Coordinators */ = {
			isa = PBXGroup;
			children = (
				3F25A3612C96CF4C006E2715 /* Coordinator.swift */,
				3F25A3632C96D001006E2715 /* AppCoordinator.swift */,
				3F25A3652C96D058006E2715 /* LoginCoordinator.swift */,
				3F25A36E2C96D42C006E2715 /* SignUpCoordinator.swift */,
				3F1739772CC0117300DE8859 /* TabBarCoordinator.swift */,
				3F17397B2CC0139000DE8859 /* HomeCoordinator.swift */,
				3F17397D2CC017F800DE8859 /* StoreCoordinator.swift */,
				3F17397F2CC0187B00DE8859 /* MypageCoordinator.swift */,
			);
			path = Coordinators;
			sourceTree = "<group>";
		};
		3F25A3672C96D0C6006E2715 /* ViewController */ = {
			isa = PBXGroup;
			children = (
				3F39925C2C82C8E40045CF1E /* LoginViewController.swift */,
				3F25A3702C96D4D9006E2715 /* UserInfoSignUpViewController.swift */,
				3F3CFDAB2C97321700DC9F9A /* UniversityInfoViewController.swift */,
				3F3CFDAD2C97326000DC9F9A /* MajorInfoViewController.swift */,
				3F82C3302CAE93B700492EEE /* StudentIdViewController.swift */,
				3F3CFDAF2C9733A100DC9F9A /* TermsOfServiceViewController.swift */,
				3F3CFDB12C973D7E00DC9F9A /* AuthUniversityViewController.swift */,
				3F1739692CBE43E100DE8859 /* AuthWaitingViewController.swift */,
				3F3CFDB32C9742C900DC9F9A /* SuccessSignUpViewController.swift */,
			);
			path = ViewController;
			sourceTree = "<group>";
		};
		3F25A3682C96D0DA006E2715 /* ViewModel */ = {
			isa = PBXGroup;
			children = (
				3F25A3692C96D11A006E2715 /* LoginViewModel.swift */,
				3F3CFDC12C980B0E00DC9F9A /* UserInfoSignUpViewModel.swift */,
				3F3CFDBF2C98093700DC9F9A /* UniversityInfoViewModel.swift */,
				3F1F1F7F2CA3F4CF006DFD76 /* MajorInfoViewModel.swift */,
				3F82C3322CAE93E500492EEE /* StudentIdViewModel.swift */,
				3FEA67582CB81F2E00675805 /* TermsOfServiceViewModel.swift */,
				3F17396D2CBE495200DE8859 /* AuthUniversityViewModel.swift */,
				3F17396F2CBE496100DE8859 /* AuthWaitingViewModel.swift */,
			);
			path = ViewModel;
			sourceTree = "<group>";
		};
		3F25A36B2C96D32C006E2715 /* Protocol */ = {
			isa = PBXGroup;
			children = (
				3F25A36C2C96D34D006E2715 /* BaseViewModel.swift */,
			);
			path = Protocol;
			sourceTree = "<group>";
		};
		3F39924C2C82C8E40045CF1E = {
			isa = PBXGroup;
			children = (
				3F3992572C82C8E40045CF1E /* Studing */,
				3F3CFDCA2C9827D200DC9F9A /* StudingTests */,
				3F3992562C82C8E40045CF1E /* Products */,
				3FDEE9E12C970A7A00633C93 /* Frameworks */,
			);
			sourceTree = "<group>";
		};
		3F3992562C82C8E40045CF1E /* Products */ = {
			isa = PBXGroup;
			children = (
				3F3992552C82C8E40045CF1E /* Studing.app */,
				3F3CFDC92C9827D200DC9F9A /* StudingTests.xctest */,
			);
			name = Products;
			sourceTree = "<group>";
		};
		3F3992572C82C8E40045CF1E /* Studing */ = {
			isa = PBXGroup;
			children = (
				3F39927D2C82D2440045CF1E /* Application */,
				3F39927A2C82D2220045CF1E /* Global */,
				3F39927B2C82D22A0045CF1E /* Network */,
				3F25A3602C96CF14006E2715 /* Coordinators */,
				3F39927C2C82D2300045CF1E /* Present */,
				3F162B8C2C9DBA0D00DF2E1C /* LaunchScreen.storyboard */,
			);
			path = Studing;
			sourceTree = "<group>";
		};
		3F39927A2C82D2220045CF1E /* Global */ = {
			isa = PBXGroup;
			children = (
				3F59602B2CA13E8200688FE3 /* Enum */,
				3F25A36B2C96D32C006E2715 /* Protocol */,
				3F25A35D2C96A825006E2715 /* Components */,
				3F25A35A2C96A764006E2715 /* Consts */,
				3F25A3572C96A669006E2715 /* Extension */,
				3F39927E2C82D25B0045CF1E /* Resoureces */,
				3F39927F2C82D2830045CF1E /* Supporting Files */,
			);
			path = Global;
			sourceTree = "<group>";
		};
		3F39927B2C82D22A0045CF1E /* Network */ = {
			isa = PBXGroup;
			children = (
			);
			path = Network;
			sourceTree = "<group>";
		};
		3F39927C2C82D2300045CF1E /* Present */ = {
			isa = PBXGroup;
			children = (
				3F3992802C82D2A30045CF1E /* Login & Signup */,
				3F17398A2CC01DE300DE8859 /* TabBar */,
			);
			path = Present;
			sourceTree = "<group>";
		};
		3F39927D2C82D2440045CF1E /* Application */ = {
			isa = PBXGroup;
			children = (
				3F3992582C82C8E40045CF1E /* AppDelegate.swift */,
				3F39925A2C82C8E40045CF1E /* SceneDelegate.swift */,
			);
			path = Application;
			sourceTree = "<group>";
		};
		3F39927E2C82D25B0045CF1E /* Resoureces */ = {
			isa = PBXGroup;
			children = (
				3F162B852C9DA69F00DF2E1C /* Fonts */,
				3F3992612C82C8E60045CF1E /* Assets.xcassets */,
				3F162B812C9D92B300DF2E1C /* Color.xcassets */,
			);
			path = Resoureces;
			sourceTree = "<group>";
		};
		3F39927F2C82D2830045CF1E /* Supporting Files */ = {
			isa = PBXGroup;
			children = (
				3F3992662C82C8E60045CF1E /* Info.plist */,
			);
			path = "Supporting Files";
			sourceTree = "<group>";
		};
		3F3992802C82D2A30045CF1E /* Login & Signup */ = {
			isa = PBXGroup;
			children = (
				3F3CFDBC2C97C44000DC9F9A /* Model */,
				3F9DC8A62CB4EC0000850136 /* View */,
				3F25A3682C96D0DA006E2715 /* ViewModel */,
				3F25A3672C96D0C6006E2715 /* ViewController */,
			);
			path = "Login & Signup";
			sourceTree = "<group>";
		};
		3F3CFDBC2C97C44000DC9F9A /* Model */ = {
			isa = PBXGroup;
			children = (
				3F3CFDBD2C97C47100DC9F9A /* UserInfo.swift */,
				3F82C33A2CAE94CB00492EEE /* UniversityInfoModel.swift */,
				3F82C33C2CAE94E000492EEE /* MajorInfoModel.swift */,
				3F9DC8AB2CB4ECE000850136 /* StudentIdInfoModel.swift */,
			);
			path = Model;
			sourceTree = "<group>";
		};
		3F3CFDCA2C9827D200DC9F9A /* StudingTests */ = {
			isa = PBXGroup;
			children = (
				3F3CFDCB2C9827D200DC9F9A /* UserInfoSignUpViewModelTests.swift */,
			);
			path = StudingTests;
			sourceTree = "<group>";
		};
		3F59602B2CA13E8200688FE3 /* Enum */ = {
			isa = PBXGroup;
			children = (
				3F59602C2CA13E8F00688FE3 /* TextFieldEnum.swift */,
				3F17396B2CBE442E00DE8859 /* CustomButtonEnum.swift */,
				3F1739732CBF571F00DE8859 /* AuthWaitStateEnum.swift */,
				3F1739752CC0103D00DE8859 /* TabBarItemEnum.swift */,
			);
			path = Enum;
			sourceTree = "<group>";
		};
		3F9DC8A62CB4EC0000850136 /* View */ = {
			isa = PBXGroup;
			children = (
				3F9DC8A72CB4ECA900850136 /* StudentIdInputCollectionCell.swift */,
				3FEA67542CB7F82D00675805 /* AgreeTypeView.swift */,
				3FEA67562CB81A9A00675805 /* CheckBoxButton.swift */,
			);
			path = View;
			sourceTree = "<group>";
		};
		3FDEE9E12C970A7A00633C93 /* Frameworks */ = {
			isa = PBXGroup;
			children = (
			);
			name = Frameworks;
			sourceTree = "<group>";
		};
/* End PBXGroup section */

/* Begin PBXNativeTarget section */
		3F3992542C82C8E40045CF1E /* Studing */ = {
			isa = PBXNativeTarget;
			buildConfigurationList = 3F3992692C82C8E60045CF1E /* Build configuration list for PBXNativeTarget "Studing" */;
			buildPhases = (
				3F3992512C82C8E40045CF1E /* Sources */,
				3F3992522C82C8E40045CF1E /* Frameworks */,
				3F3992532C82C8E40045CF1E /* Resources */,
			);
			buildRules = (
			);
			dependencies = (
			);
			name = Studing;
			packageProductDependencies = (
				3F39926D2C82C9080045CF1E /* Then */,
				3F3992752C82C9690045CF1E /* Moya */,
				3F3992782C82C9FA0045CF1E /* FirebaseMessaging */,
				3FDEE9E22C970A7A00633C93 /* SnapKit */,
			);
			productName = Studing;
			productReference = 3F3992552C82C8E40045CF1E /* Studing.app */;
			productType = "com.apple.product-type.application";
		};
		3F3CFDC82C9827D200DC9F9A /* StudingTests */ = {
			isa = PBXNativeTarget;
			buildConfigurationList = 3F3CFDD12C9827D200DC9F9A /* Build configuration list for PBXNativeTarget "StudingTests" */;
			buildPhases = (
				3F3CFDC52C9827D200DC9F9A /* Sources */,
				3F3CFDC62C9827D200DC9F9A /* Frameworks */,
				3F3CFDC72C9827D200DC9F9A /* Resources */,
			);
			buildRules = (
			);
			dependencies = (
				3F3CFDCE2C9827D200DC9F9A /* PBXTargetDependency */,
			);
			name = StudingTests;
			productName = StudingTests;
			productReference = 3F3CFDC92C9827D200DC9F9A /* StudingTests.xctest */;
			productType = "com.apple.product-type.bundle.unit-test";
		};
/* End PBXNativeTarget section */

/* Begin PBXProject section */
		3F39924D2C82C8E40045CF1E /* Project object */ = {
			isa = PBXProject;
			attributes = {
				BuildIndependentTargetsInParallel = 1;
				LastSwiftUpdateCheck = 1530;
				LastUpgradeCheck = 1530;
				TargetAttributes = {
					3F3992542C82C8E40045CF1E = {
						CreatedOnToolsVersion = 15.3;
					};
					3F3CFDC82C9827D200DC9F9A = {
						CreatedOnToolsVersion = 15.3;
						TestTargetID = 3F3992542C82C8E40045CF1E;
					};
				};
			};
			buildConfigurationList = 3F3992502C82C8E40045CF1E /* Build configuration list for PBXProject "Studing" */;
			compatibilityVersion = "Xcode 14.0";
			developmentRegion = en;
			hasScannedForEncodings = 0;
			knownRegions = (
				en,
				Base,
			);
			mainGroup = 3F39924C2C82C8E40045CF1E;
			packageReferences = (
				3F39926C2C82C9080045CF1E /* XCRemoteSwiftPackageReference "Then" */,
				3F39926F2C82C9390045CF1E /* XCRemoteSwiftPackageReference "SnapKit" */,
				3F3992742C82C9690045CF1E /* XCRemoteSwiftPackageReference "Moya" */,
				3F3992772C82C9FA0045CF1E /* XCRemoteSwiftPackageReference "firebase-ios-sdk" */,
			);
			productRefGroup = 3F3992562C82C8E40045CF1E /* Products */;
			projectDirPath = "";
			projectRoot = "";
			targets = (
				3F3992542C82C8E40045CF1E /* Studing */,
				3F3CFDC82C9827D200DC9F9A /* StudingTests */,
			);
		};
/* End PBXProject section */

/* Begin PBXResourcesBuildPhase section */
		3F3992532C82C8E40045CF1E /* Resources */ = {
			isa = PBXResourcesBuildPhase;
			buildActionMask = 2147483647;
			files = (
				3F3992622C82C8E60045CF1E /* Assets.xcassets in Resources */,
				3F162B872C9DA70700DF2E1C /* Montserrat-ExtraBold.ttf in Resources */,
				3F162B8B2C9DAACC00DF2E1C /* Inter-VariableFont_opsz,wght.ttf in Resources */,
				3F162B8D2C9DBA0D00DF2E1C /* LaunchScreen.storyboard in Resources */,
				3F162B822C9D92B300DF2E1C /* Color.xcassets in Resources */,
			);
			runOnlyForDeploymentPostprocessing = 0;
		};
		3F3CFDC72C9827D200DC9F9A /* Resources */ = {
			isa = PBXResourcesBuildPhase;
			buildActionMask = 2147483647;
			files = (
			);
			runOnlyForDeploymentPostprocessing = 0;
		};
/* End PBXResourcesBuildPhase section */

/* Begin PBXSourcesBuildPhase section */
		3F3992512C82C8E40045CF1E /* Sources */ = {
			isa = PBXSourcesBuildPhase;
			buildActionMask = 2147483647;
			files = (
				3F162B892C9DA71B00DF2E1C /* FontLiterals.swift in Sources */,
				3F82C3372CAE948300492EEE /* SearchResultCollectionViewCell.swift in Sources */,
				3F25A36D2C96D34D006E2715 /* BaseViewModel.swift in Sources */,
				3F82C33B2CAE94CB00492EEE /* UniversityInfoModel.swift in Sources */,
				3F59602A2CA0EE5F00688FE3 /* CustomButton.swift in Sources */,
				3F3CFDB02C9733A100DC9F9A /* TermsOfServiceViewController.swift in Sources */,
				3F82C3312CAE93B700492EEE /* StudentIdViewController.swift in Sources */,
				3F3CFDC42C9815EB00DC9F9A /* UIViewController+.swift in Sources */,
				3F25A3592C96A676006E2715 /* UIView+.swift in Sources */,
				3F1739892CC01CDC00DE8859 /* MypageViewController.swift in Sources */,
				3F6AB78C2CBE3C77006D1A29 /* DashedLineBorderView.swift in Sources */,
				3F1739782CC0117300DE8859 /* TabBarCoordinator.swift in Sources */,
				3FEA67592CB81F2E00675805 /* TermsOfServiceViewModel.swift in Sources */,
				3F59602F2CA1422100688FE3 /* UIStackView+.swift in Sources */,
				3F3CFDAC2C97321700DC9F9A /* UniversityInfoViewController.swift in Sources */,
				3F82C3392CAE94A600492EEE /* NSObject+.swift in Sources */,
				3F17396A2CBE43E100DE8859 /* AuthWaitingViewController.swift in Sources */,
				3F17397E2CC017F800DE8859 /* StoreCoordinator.swift in Sources */,
				3FEA675B2CB8BEF500675805 /* UILabel+.swift in Sources */,
				3F82C32F2CAE936600492EEE /* NoExistsSearchResultView.swift in Sources */,
				3F1F1F802CA3F4CF006DFD76 /* MajorInfoViewModel.swift in Sources */,
				3F3CFDB22C973D7E00DC9F9A /* AuthUniversityViewController.swift in Sources */,
				3F25A35C2C96A76E006E2715 /* StringLiterals.swift in Sources */,
				3F1739722CBEB45F00DE8859 /* AuthWaitCheckView.swift in Sources */,
				3F39925D2C82C8E40045CF1E /* LoginViewController.swift in Sources */,
				3F1739872CC01CC300DE8859 /* StoreViewController.swift in Sources */,
				3F3992592C82C8E40045CF1E /* AppDelegate.swift in Sources */,
				3F3CFDB42C9742C900DC9F9A /* SuccessSignUpViewController.swift in Sources */,
				3F17396E2CBE495200DE8859 /* AuthUniversityViewModel.swift in Sources */,
				3F1F1F7E2CA3D902006DFD76 /* SizeLiterals.swift in Sources */,
				3F3CFDAE2C97326000DC9F9A /* MajorInfoViewController.swift in Sources */,
				3F25A3642C96D001006E2715 /* AppCoordinator.swift in Sources */,
				3F17398C2CC0861D00DE8859 /* CustomTabBarViewController.swift in Sources */,
				3FEA67572CB81A9A00675805 /* CheckBoxButton.swift in Sources */,
				3F39925B2C82C8E40045CF1E /* SceneDelegate.swift in Sources */,
				3F9DC8A82CB4ECA900850136 /* StudentIdInputCollectionCell.swift in Sources */,
				3F1F1F7C2CA3B859006DFD76 /* CusomSignUpNavigationController.swift in Sources */,
				3F25A3662C96D058006E2715 /* LoginCoordinator.swift in Sources */,
				3F3CFDBB2C97BE5D00DC9F9A /* UIControl+.swift in Sources */,
				3F82C3332CAE93E500492EEE /* StudentIdViewModel.swift in Sources */,
				3F25A36F2C96D42C006E2715 /* SignUpCoordinator.swift in Sources */,
				3F82C33D2CAE94E000492EEE /* MajorInfoModel.swift in Sources */,
				3F3CFDC22C980B0E00DC9F9A /* UserInfoSignUpViewModel.swift in Sources */,
				3FEA67552CB7F82D00675805 /* AgreeTypeView.swift in Sources */,
				3F25A35F2C96A85E006E2715 /* TitleTextFieldView.swift in Sources */,
				3F9DC8AC2CB4ECE000850136 /* StudentIdInfoModel.swift in Sources */,
				3F162B842C9D987300DF2E1C /* LaunchScreenViewController.swift in Sources */,
				3F3CFDC02C98093700DC9F9A /* UniversityInfoViewModel.swift in Sources */,
				3F1739702CBE496100DE8859 /* AuthWaitingViewModel.swift in Sources */,
				3F1739802CC0187B00DE8859 /* MypageCoordinator.swift in Sources */,
				3F25A36A2C96D11A006E2715 /* LoginViewModel.swift in Sources */,
				3F82C3352CAE946400492EEE /* SearchResultCollectionView.swift in Sources */,
				3F3CFDB92C97BCF800DC9F9A /* Combine+.swift in Sources */,
				3F59602D2CA13E8F00688FE3 /* TextFieldEnum.swift in Sources */,
				3F17396C2CBE442E00DE8859 /* CustomButtonEnum.swift in Sources */,
				3F25A3712C96D4D9006E2715 /* UserInfoSignUpViewController.swift in Sources */,
				3F3CFDBE2C97C47100DC9F9A /* UserInfo.swift in Sources */,
				3F1739742CBF571F00DE8859 /* AuthWaitStateEnum.swift in Sources */,
				3F1F1F782CA27720006DFD76 /* StepCountView.swift in Sources */,
				3F1739762CC0103D00DE8859 /* TabBarItemEnum.swift in Sources */,
				3F25A3622C96CF4C006E2715 /* Coordinator.swift in Sources */,
				3F1739852CC01CAB00DE8859 /* HomeViewController.swift in Sources */,
				3F17397C2CC0139000DE8859 /* HomeCoordinator.swift in Sources */,
			);
			runOnlyForDeploymentPostprocessing = 0;
		};
		3F3CFDC52C9827D200DC9F9A /* Sources */ = {
			isa = PBXSourcesBuildPhase;
			buildActionMask = 2147483647;
			files = (
				3F3CFDCC2C9827D200DC9F9A /* UserInfoSignUpViewModelTests.swift in Sources */,
			);
			runOnlyForDeploymentPostprocessing = 0;
		};
/* End PBXSourcesBuildPhase section */

/* Begin PBXTargetDependency section */
		3F3CFDCE2C9827D200DC9F9A /* PBXTargetDependency */ = {
			isa = PBXTargetDependency;
			target = 3F3992542C82C8E40045CF1E /* Studing */;
			targetProxy = 3F3CFDCD2C9827D200DC9F9A /* PBXContainerItemProxy */;
		};
/* End PBXTargetDependency section */

/* Begin XCBuildConfiguration section */
		3F3992672C82C8E60045CF1E /* Debug */ = {
			isa = XCBuildConfiguration;
			buildSettings = {
				ALWAYS_SEARCH_USER_PATHS = NO;
				ASSETCATALOG_COMPILER_GENERATE_SWIFT_ASSET_SYMBOL_EXTENSIONS = YES;
				CLANG_ANALYZER_NONNULL = YES;
				CLANG_ANALYZER_NUMBER_OBJECT_CONVERSION = YES_AGGRESSIVE;
				CLANG_CXX_LANGUAGE_STANDARD = "gnu++20";
				CLANG_ENABLE_MODULES = YES;
				CLANG_ENABLE_OBJC_ARC = YES;
				CLANG_ENABLE_OBJC_WEAK = YES;
				CLANG_WARN_BLOCK_CAPTURE_AUTORELEASING = YES;
				CLANG_WARN_BOOL_CONVERSION = YES;
				CLANG_WARN_COMMA = YES;
				CLANG_WARN_CONSTANT_CONVERSION = YES;
				CLANG_WARN_DEPRECATED_OBJC_IMPLEMENTATIONS = YES;
				CLANG_WARN_DIRECT_OBJC_ISA_USAGE = YES_ERROR;
				CLANG_WARN_DOCUMENTATION_COMMENTS = YES;
				CLANG_WARN_EMPTY_BODY = YES;
				CLANG_WARN_ENUM_CONVERSION = YES;
				CLANG_WARN_INFINITE_RECURSION = YES;
				CLANG_WARN_INT_CONVERSION = YES;
				CLANG_WARN_NON_LITERAL_NULL_CONVERSION = YES;
				CLANG_WARN_OBJC_IMPLICIT_RETAIN_SELF = YES;
				CLANG_WARN_OBJC_LITERAL_CONVERSION = YES;
				CLANG_WARN_OBJC_ROOT_CLASS = YES_ERROR;
				CLANG_WARN_QUOTED_INCLUDE_IN_FRAMEWORK_HEADER = YES;
				CLANG_WARN_RANGE_LOOP_ANALYSIS = YES;
				CLANG_WARN_STRICT_PROTOTYPES = YES;
				CLANG_WARN_SUSPICIOUS_MOVE = YES;
				CLANG_WARN_UNGUARDED_AVAILABILITY = YES_AGGRESSIVE;
				CLANG_WARN_UNREACHABLE_CODE = YES;
				CLANG_WARN__DUPLICATE_METHOD_MATCH = YES;
				COPY_PHASE_STRIP = NO;
				DEBUG_INFORMATION_FORMAT = dwarf;
				ENABLE_STRICT_OBJC_MSGSEND = YES;
				ENABLE_TESTABILITY = YES;
				ENABLE_USER_SCRIPT_SANDBOXING = YES;
				GCC_C_LANGUAGE_STANDARD = gnu17;
				GCC_DYNAMIC_NO_PIC = NO;
				GCC_NO_COMMON_BLOCKS = YES;
				GCC_OPTIMIZATION_LEVEL = 0;
				GCC_PREPROCESSOR_DEFINITIONS = (
					"DEBUG=1",
					"$(inherited)",
				);
				GCC_WARN_64_TO_32_BIT_CONVERSION = YES;
				GCC_WARN_ABOUT_RETURN_TYPE = YES_ERROR;
				GCC_WARN_UNDECLARED_SELECTOR = YES;
				GCC_WARN_UNINITIALIZED_AUTOS = YES_AGGRESSIVE;
				GCC_WARN_UNUSED_FUNCTION = YES;
				GCC_WARN_UNUSED_VARIABLE = YES;
				INFOPLIST_FILE = "Studing/Supporting Files/Info.plist";
				IPHONEOS_DEPLOYMENT_TARGET = 17.4;
				LOCALIZATION_PREFERS_STRING_CATALOGS = YES;
				MTL_ENABLE_DEBUG_INFO = INCLUDE_SOURCE;
				MTL_FAST_MATH = YES;
				ONLY_ACTIVE_ARCH = YES;
				SDKROOT = iphoneos;
				SWIFT_ACTIVE_COMPILATION_CONDITIONS = "DEBUG $(inherited)";
				SWIFT_OPTIMIZATION_LEVEL = "-Onone";
			};
			name = Debug;
		};
		3F3992682C82C8E60045CF1E /* Release */ = {
			isa = XCBuildConfiguration;
			buildSettings = {
				ALWAYS_SEARCH_USER_PATHS = NO;
				ASSETCATALOG_COMPILER_GENERATE_SWIFT_ASSET_SYMBOL_EXTENSIONS = YES;
				CLANG_ANALYZER_NONNULL = YES;
				CLANG_ANALYZER_NUMBER_OBJECT_CONVERSION = YES_AGGRESSIVE;
				CLANG_CXX_LANGUAGE_STANDARD = "gnu++20";
				CLANG_ENABLE_MODULES = YES;
				CLANG_ENABLE_OBJC_ARC = YES;
				CLANG_ENABLE_OBJC_WEAK = YES;
				CLANG_WARN_BLOCK_CAPTURE_AUTORELEASING = YES;
				CLANG_WARN_BOOL_CONVERSION = YES;
				CLANG_WARN_COMMA = YES;
				CLANG_WARN_CONSTANT_CONVERSION = YES;
				CLANG_WARN_DEPRECATED_OBJC_IMPLEMENTATIONS = YES;
				CLANG_WARN_DIRECT_OBJC_ISA_USAGE = YES_ERROR;
				CLANG_WARN_DOCUMENTATION_COMMENTS = YES;
				CLANG_WARN_EMPTY_BODY = YES;
				CLANG_WARN_ENUM_CONVERSION = YES;
				CLANG_WARN_INFINITE_RECURSION = YES;
				CLANG_WARN_INT_CONVERSION = YES;
				CLANG_WARN_NON_LITERAL_NULL_CONVERSION = YES;
				CLANG_WARN_OBJC_IMPLICIT_RETAIN_SELF = YES;
				CLANG_WARN_OBJC_LITERAL_CONVERSION = YES;
				CLANG_WARN_OBJC_ROOT_CLASS = YES_ERROR;
				CLANG_WARN_QUOTED_INCLUDE_IN_FRAMEWORK_HEADER = YES;
				CLANG_WARN_RANGE_LOOP_ANALYSIS = YES;
				CLANG_WARN_STRICT_PROTOTYPES = YES;
				CLANG_WARN_SUSPICIOUS_MOVE = YES;
				CLANG_WARN_UNGUARDED_AVAILABILITY = YES_AGGRESSIVE;
				CLANG_WARN_UNREACHABLE_CODE = YES;
				CLANG_WARN__DUPLICATE_METHOD_MATCH = YES;
				COPY_PHASE_STRIP = NO;
				DEBUG_INFORMATION_FORMAT = "dwarf-with-dsym";
				ENABLE_NS_ASSERTIONS = NO;
				ENABLE_STRICT_OBJC_MSGSEND = YES;
				ENABLE_USER_SCRIPT_SANDBOXING = YES;
				GCC_C_LANGUAGE_STANDARD = gnu17;
				GCC_NO_COMMON_BLOCKS = YES;
				GCC_WARN_64_TO_32_BIT_CONVERSION = YES;
				GCC_WARN_ABOUT_RETURN_TYPE = YES_ERROR;
				GCC_WARN_UNDECLARED_SELECTOR = YES;
				GCC_WARN_UNINITIALIZED_AUTOS = YES_AGGRESSIVE;
				GCC_WARN_UNUSED_FUNCTION = YES;
				GCC_WARN_UNUSED_VARIABLE = YES;
				INFOPLIST_FILE = "Studing/Supporting Files/Info.plist";
				IPHONEOS_DEPLOYMENT_TARGET = 17.4;
				LOCALIZATION_PREFERS_STRING_CATALOGS = YES;
				MTL_ENABLE_DEBUG_INFO = NO;
				MTL_FAST_MATH = YES;
				SDKROOT = iphoneos;
				SWIFT_COMPILATION_MODE = wholemodule;
				VALIDATE_PRODUCT = YES;
			};
			name = Release;
		};
		3F39926A2C82C8E60045CF1E /* Debug */ = {
			isa = XCBuildConfiguration;
			buildSettings = {
				ASSETCATALOG_COMPILER_APPICON_NAME = AppIcon;
				ASSETCATALOG_COMPILER_GLOBAL_ACCENT_COLOR_NAME = AccentColor;
				CODE_SIGN_STYLE = Automatic;
				CURRENT_PROJECT_VERSION = 1;
				DEVELOPMENT_TEAM = N3H27N59VG;
				GENERATE_INFOPLIST_FILE = YES;
				INFOPLIST_FILE = "Studing/Global/Supporting Files/Info.plist";
				INFOPLIST_KEY_CFBundleDisplayName = "";
				INFOPLIST_KEY_LSApplicationCategoryType = "";
				INFOPLIST_KEY_UIApplicationSupportsIndirectInputEvents = YES;
				INFOPLIST_KEY_UILaunchStoryboardName = LaunchScreen;
				INFOPLIST_KEY_UISupportedInterfaceOrientations_iPad = "UIInterfaceOrientationPortrait UIInterfaceOrientationPortraitUpsideDown UIInterfaceOrientationLandscapeLeft UIInterfaceOrientationLandscapeRight";
				INFOPLIST_KEY_UISupportedInterfaceOrientations_iPhone = "UIInterfaceOrientationPortrait UIInterfaceOrientationLandscapeLeft UIInterfaceOrientationLandscapeRight";
				LD_RUNPATH_SEARCH_PATHS = (
					"$(inherited)",
					"@executable_path/Frameworks",
				);
				MARKETING_VERSION = 1.0;
				PRODUCT_BUNDLE_IDENTIFIER = com.Fouryears.Studing;
				PRODUCT_NAME = "$(TARGET_NAME)";
				SWIFT_EMIT_LOC_STRINGS = YES;
				SWIFT_VERSION = 5.0;
				TARGETED_DEVICE_FAMILY = "1,2";
			};
			name = Debug;
		};
		3F39926B2C82C8E60045CF1E /* Release */ = {
			isa = XCBuildConfiguration;
			buildSettings = {
				ASSETCATALOG_COMPILER_APPICON_NAME = AppIcon;
				ASSETCATALOG_COMPILER_GLOBAL_ACCENT_COLOR_NAME = AccentColor;
				CODE_SIGN_STYLE = Automatic;
				CURRENT_PROJECT_VERSION = 1;
				DEVELOPMENT_TEAM = N3H27N59VG;
				GENERATE_INFOPLIST_FILE = YES;
				INFOPLIST_FILE = "Studing/Global/Supporting Files/Info.plist";
				INFOPLIST_KEY_CFBundleDisplayName = "";
				INFOPLIST_KEY_LSApplicationCategoryType = "";
				INFOPLIST_KEY_UIApplicationSupportsIndirectInputEvents = YES;
				INFOPLIST_KEY_UILaunchStoryboardName = LaunchScreen;
				INFOPLIST_KEY_UISupportedInterfaceOrientations_iPad = "UIInterfaceOrientationPortrait UIInterfaceOrientationPortraitUpsideDown UIInterfaceOrientationLandscapeLeft UIInterfaceOrientationLandscapeRight";
				INFOPLIST_KEY_UISupportedInterfaceOrientations_iPhone = "UIInterfaceOrientationPortrait UIInterfaceOrientationLandscapeLeft UIInterfaceOrientationLandscapeRight";
				LD_RUNPATH_SEARCH_PATHS = (
					"$(inherited)",
					"@executable_path/Frameworks",
				);
				MARKETING_VERSION = 1.0;
				PRODUCT_BUNDLE_IDENTIFIER = com.Fouryears.Studing;
				PRODUCT_NAME = "$(TARGET_NAME)";
				SWIFT_EMIT_LOC_STRINGS = YES;
				SWIFT_VERSION = 5.0;
				TARGETED_DEVICE_FAMILY = "1,2";
			};
			name = Release;
		};
		3F3CFDCF2C9827D200DC9F9A /* Debug */ = {
			isa = XCBuildConfiguration;
			buildSettings = {
				BUNDLE_LOADER = "$(TEST_HOST)";
				CODE_SIGN_STYLE = Automatic;
				CURRENT_PROJECT_VERSION = 1;
				DEVELOPMENT_TEAM = N3H27N59VG;
				GENERATE_INFOPLIST_FILE = YES;
				INFOPLIST_FILE = "Studing/Global/Supporting Files/Info.plist";
				MARKETING_VERSION = 1.0;
				PRODUCT_BUNDLE_IDENTIFIER = com.Niro.StudingTests;
				PRODUCT_NAME = "$(TARGET_NAME)";
				SWIFT_EMIT_LOC_STRINGS = NO;
				SWIFT_VERSION = 5.0;
				TARGETED_DEVICE_FAMILY = "1,2";
				TEST_HOST = "$(BUILT_PRODUCTS_DIR)/Studing.app/$(BUNDLE_EXECUTABLE_FOLDER_PATH)/Studing";
			};
			name = Debug;
		};
		3F3CFDD02C9827D200DC9F9A /* Release */ = {
			isa = XCBuildConfiguration;
			buildSettings = {
				BUNDLE_LOADER = "$(TEST_HOST)";
				CODE_SIGN_STYLE = Automatic;
				CURRENT_PROJECT_VERSION = 1;
				DEVELOPMENT_TEAM = N3H27N59VG;
				GENERATE_INFOPLIST_FILE = YES;
				INFOPLIST_FILE = "Studing/Global/Supporting Files/Info.plist";
				MARKETING_VERSION = 1.0;
				PRODUCT_BUNDLE_IDENTIFIER = com.Niro.StudingTests;
				PRODUCT_NAME = "$(TARGET_NAME)";
				SWIFT_EMIT_LOC_STRINGS = NO;
				SWIFT_VERSION = 5.0;
				TARGETED_DEVICE_FAMILY = "1,2";
				TEST_HOST = "$(BUILT_PRODUCTS_DIR)/Studing.app/$(BUNDLE_EXECUTABLE_FOLDER_PATH)/Studing";
			};
			name = Release;
		};
/* End XCBuildConfiguration section */

/* Begin XCConfigurationList section */
		3F3992502C82C8E40045CF1E /* Build configuration list for PBXProject "Studing" */ = {
			isa = XCConfigurationList;
			buildConfigurations = (
				3F3992672C82C8E60045CF1E /* Debug */,
				3F3992682C82C8E60045CF1E /* Release */,
			);
			defaultConfigurationIsVisible = 0;
			defaultConfigurationName = Release;
		};
		3F3992692C82C8E60045CF1E /* Build configuration list for PBXNativeTarget "Studing" */ = {
			isa = XCConfigurationList;
			buildConfigurations = (
				3F39926A2C82C8E60045CF1E /* Debug */,
				3F39926B2C82C8E60045CF1E /* Release */,
			);
			defaultConfigurationIsVisible = 0;
			defaultConfigurationName = Release;
		};
		3F3CFDD12C9827D200DC9F9A /* Build configuration list for PBXNativeTarget "StudingTests" */ = {
			isa = XCConfigurationList;
			buildConfigurations = (
				3F3CFDCF2C9827D200DC9F9A /* Debug */,
				3F3CFDD02C9827D200DC9F9A /* Release */,
			);
			defaultConfigurationIsVisible = 0;
			defaultConfigurationName = Release;
		};
/* End XCConfigurationList section */

/* Begin XCRemoteSwiftPackageReference section */
		3F39926C2C82C9080045CF1E /* XCRemoteSwiftPackageReference "Then" */ = {
			isa = XCRemoteSwiftPackageReference;
			repositoryURL = "https://github.com/devxoul/Then.git";
			requirement = {
				kind = upToNextMajorVersion;
				minimumVersion = 3.0.0;
			};
		};
		3F39926F2C82C9390045CF1E /* XCRemoteSwiftPackageReference "SnapKit" */ = {
			isa = XCRemoteSwiftPackageReference;
			repositoryURL = "https://github.com/SnapKit/SnapKit.git";
			requirement = {
				kind = upToNextMajorVersion;
				minimumVersion = 5.7.1;
			};
		};
		3F3992742C82C9690045CF1E /* XCRemoteSwiftPackageReference "Moya" */ = {
			isa = XCRemoteSwiftPackageReference;
			repositoryURL = "https://github.com/Moya/Moya.git";
			requirement = {
				kind = upToNextMajorVersion;
				minimumVersion = 15.0.3;
			};
		};
		3F3992772C82C9FA0045CF1E /* XCRemoteSwiftPackageReference "firebase-ios-sdk" */ = {
			isa = XCRemoteSwiftPackageReference;
			repositoryURL = "https://github.com/firebase/firebase-ios-sdk";
			requirement = {
				kind = upToNextMajorVersion;
				minimumVersion = 11.1.0;
			};
		};
/* End XCRemoteSwiftPackageReference section */

/* Begin XCSwiftPackageProductDependency section */
		3F39926D2C82C9080045CF1E /* Then */ = {
			isa = XCSwiftPackageProductDependency;
			package = 3F39926C2C82C9080045CF1E /* XCRemoteSwiftPackageReference "Then" */;
			productName = Then;
		};
		3F3992752C82C9690045CF1E /* Moya */ = {
			isa = XCSwiftPackageProductDependency;
			package = 3F3992742C82C9690045CF1E /* XCRemoteSwiftPackageReference "Moya" */;
			productName = Moya;
		};
		3F3992782C82C9FA0045CF1E /* FirebaseMessaging */ = {
			isa = XCSwiftPackageProductDependency;
			package = 3F3992772C82C9FA0045CF1E /* XCRemoteSwiftPackageReference "firebase-ios-sdk" */;
			productName = FirebaseMessaging;
		};
		3FDEE9E22C970A7A00633C93 /* SnapKit */ = {
			isa = XCSwiftPackageProductDependency;
			package = 3F39926F2C82C9390045CF1E /* XCRemoteSwiftPackageReference "SnapKit" */;
			productName = SnapKit;
		};
/* End XCSwiftPackageProductDependency section */
	};
	rootObject = 3F39924D2C82C8E40045CF1E /* Project object */;
}
